
Microsoft Visual Studio Solution File, Format Version 12.00
# Visual Studio Version 16
VisualStudioVersion = 16.0.32106.194
MinimumVisualStudioVersion = 10.0.40219.1
Project("{D2ABAB84-BF74-430A-B69E-9DC6D40DDA17}") = "Justinrds2001_Monthly_Sales_Analysis", "Justinrds2001_Monthly_Sales_Analysis\Justinrds2001_Monthly_Sales_Analysis.dwproj", "{02256AF0-0983-438D-835E-7748CAF6B569}"
EndProject
Global
	GlobalSection(SolutionConfigurationPlatforms) = preSolution
		Development|Default = Development|Default
	EndGlobalSection
	GlobalSection(ProjectConfigurationPlatforms) = postSolution
		{02256AF0-0983-438D-835E-7748CAF6B569}.Development|Default.ActiveCfg = Development
		{02256AF0-0983-438D-835E-7748CAF6B569}.Development|Default.Build.0 = Development
		{02256AF0-0983-438D-835E-7748CAF6B569}.Development|Default.Deploy.0 = Development
	EndGlobalSection
	GlobalSection(SolutionProperties) = preSolution
		HideSolutionNode = FALSE
	EndGlobalSection
	GlobalSection(ExtensibilityGlobals) = postSolution
		SolutionGuid = {9C23AC63-168B-4E37-83A4-62E9C8538851}
	EndGlobalSection
EndGlobal
